
Microsoft Visual Studio Solution File, Format Version 12.00
# Visual Studio Version 17
VisualStudioVersion = 17.10.35013.160
MinimumVisualStudioVersion = 10.0.40219.1
Project("{FAE04EC0-301F-11D3-BF4B-00C04F79EFBC}") = "gloriamandagi", "gloriamandagi\gloriamandagi.csproj", "{F70B00A0-FE06-4BBC-8614-82BEA2A17BA9}"
EndProject
Global
	GlobalSection(SolutionConfigurationPlatforms) = preSolution
		Debug|Any CPU = Debug|Any CPU
		Release|Any CPU = Release|Any CPU
	EndGlobalSection
	GlobalSection(ProjectConfigurationPlatforms) = postSolution
		{F70B00A0-FE06-4BBC-8614-82BEA2A17BA9}.Debug|Any CPU.ActiveCfg = Debug|Any CPU
		{F70B00A0-FE06-4BBC-8614-82BEA2A17BA9}.Debug|Any CPU.Build.0 = Debug|Any CPU
		{F70B00A0-FE06-4BBC-8614-82BEA2A17BA9}.Release|Any CPU.ActiveCfg = Release|Any CPU
		{F70B00A0-FE06-4BBC-8614-82BEA2A17BA9}.Release|Any CPU.Build.0 = Release|Any CPU
	EndGlobalSection
	GlobalSection(SolutionProperties) = preSolution
		HideSolutionNode = FALSE
	EndGlobalSection
	GlobalSection(ExtensibilityGlobals) = postSolution
		SolutionGuid = {AC64BA38-32F3-447F-9326-3F6220BC7852}
	EndGlobalSection
EndGlobal
